
Microsoft Visual Studio Solution File, Format Version 12.00
# Visual Studio 14
VisualStudioVersion = 14.0.25420.1
MinimumVisualStudioVersion = 10.0.40219.1
Project("{FAE04EC0-301F-11D3-BF4B-00C04F79EFBC}") = "ConsoleApplication3", "ConsoleApplication3\ConsoleApplication3.csproj", "{18BD3FC6-6E4A-43C8-AF67-3FA055DD52ED}"
EndProject
Project("{FAE04EC0-301F-11D3-BF4B-00C04F79EFBC}") = "ConsoleApplication1", "ConsoleApplication1\ConsoleApplication1.csproj", "{F580EF91-E017-4370-AA84-90289BA8F3E3}"
EndProject
Global
	GlobalSection(SolutionConfigurationPlatforms) = preSolution
		Debug|Any CPU = Debug|Any CPU
		Release|Any CPU = Release|Any CPU
	EndGlobalSection
	GlobalSection(ProjectConfigurationPlatforms) = postSolution
		{18BD3FC6-6E4A-43C8-AF67-3FA055DD52ED}.Debug|Any CPU.ActiveCfg = Debug|Any CPU
		{18BD3FC6-6E4A-43C8-AF67-3FA055DD52ED}.Debug|Any CPU.Build.0 = Debug|Any CPU
		{18BD3FC6-6E4A-43C8-AF67-3FA055DD52ED}.Release|Any CPU.ActiveCfg = Release|Any CPU
		{18BD3FC6-6E4A-43C8-AF67-3FA055DD52ED}.Release|Any CPU.Build.0 = Release|Any CPU
		{F580EF91-E017-4370-AA84-90289BA8F3E3}.Debug|Any CPU.ActiveCfg = Debug|Any CPU
		{F580EF91-E017-4370-AA84-90289BA8F3E3}.Debug|Any CPU.Build.0 = Debug|Any CPU
		{F580EF91-E017-4370-AA84-90289BA8F3E3}.Release|Any CPU.ActiveCfg = Release|Any CPU
		{F580EF91-E017-4370-AA84-90289BA8F3E3}.Release|Any CPU.Build.0 = Release|Any CPU
	EndGlobalSection
	GlobalSection(SolutionProperties) = preSolution
		HideSolutionNode = FALSE
	EndGlobalSection
EndGlobal
